
Microsoft Visual Studio Solution File, Format Version 12.00
# Visual Studio Version 17
VisualStudioVersion = 17.0.31903.59
MinimumVisualStudioVersion = 10.0.40219.1
Project("{FAE04EC0-301F-11D3-BF4B-00C04F79EFBC}") = "task1", "task1\task1.csproj", "{F2FC1768-9AA1-45C0-A74F-B95933D7749B}"
EndProject
Project("{FAE04EC0-301F-11D3-BF4B-00C04F79EFBC}") = "task2", "..\task2\task2.csproj", "{BCEC0DA6-2FE6-41EE-B865-078199B4D9B0}"
EndProject
Project("{FAE04EC0-301F-11D3-BF4B-00C04F79EFBC}") = "task3", "..\task3\task3.csproj", "{39AB975E-D093-4C0C-8F44-65D8234A45BC}"
EndProject
Global
	GlobalSection(SolutionConfigurationPlatforms) = preSolution
		Debug|Any CPU = Debug|Any CPU
		Release|Any CPU = Release|Any CPU
	EndGlobalSection
	GlobalSection(ProjectConfigurationPlatforms) = postSolution
		{F2FC1768-9AA1-45C0-A74F-B95933D7749B}.Debug|Any CPU.ActiveCfg = Debug|Any CPU
		{F2FC1768-9AA1-45C0-A74F-B95933D7749B}.Debug|Any CPU.Build.0 = Debug|Any CPU
		{F2FC1768-9AA1-45C0-A74F-B95933D7749B}.Release|Any CPU.ActiveCfg = Release|Any CPU
		{F2FC1768-9AA1-45C0-A74F-B95933D7749B}.Release|Any CPU.Build.0 = Release|Any CPU
		{BCEC0DA6-2FE6-41EE-B865-078199B4D9B0}.Debug|Any CPU.ActiveCfg = Debug|Any CPU
		{BCEC0DA6-2FE6-41EE-B865-078199B4D9B0}.Debug|Any CPU.Build.0 = Debug|Any CPU
		{BCEC0DA6-2FE6-41EE-B865-078199B4D9B0}.Release|Any CPU.ActiveCfg = Release|Any CPU
		{BCEC0DA6-2FE6-41EE-B865-078199B4D9B0}.Release|Any CPU.Build.0 = Release|Any CPU
		{39AB975E-D093-4C0C-8F44-65D8234A45BC}.Debug|Any CPU.ActiveCfg = Debug|Any CPU
		{39AB975E-D093-4C0C-8F44-65D8234A45BC}.Debug|Any CPU.Build.0 = Debug|Any CPU
		{39AB975E-D093-4C0C-8F44-65D8234A45BC}.Release|Any CPU.ActiveCfg = Release|Any CPU
		{39AB975E-D093-4C0C-8F44-65D8234A45BC}.Release|Any CPU.Build.0 = Release|Any CPU
	EndGlobalSection
	GlobalSection(SolutionProperties) = preSolution
		HideSolutionNode = FALSE
	EndGlobalSection
	GlobalSection(ExtensibilityGlobals) = postSolution
		SolutionGuid = {14A41385-2747-46A9-A576-4D97F473CA6E}
	EndGlobalSection
EndGlobal
